{
  "nodes": {
    "flakeNimbleLib": {
      "inputs": {
        "nixpkgs": [
          "nixpkgs"
        ]
      },
      "locked": {
        "lastModified": 1662018438,
        "narHash": "sha256-QtNtU6+LX3Wokxf0zlFwKTFOcn6TeDjKQZ+DA9OYtvM=",
        "owner": "riinr",
        "repo": "nim-flakes-lib",
        "rev": "b1fe8340736e3a85d25c709ac3dfd82a55c03cbf",
        "type": "github"
      },
      "original": {
        "owner": "riinr",
        "ref": "master",
        "repo": "nim-flakes-lib",
        "type": "github"
      }
    },
    "nixpkgs": {
      "locked": {
        "lastModified": 1667199707,
        "narHash": "sha256-I2Js3Y7gUyVSEXPULHlBoRek4Lh85vnevdS6mdvDNLI=",
        "owner": "NixOS",
        "repo": "nixpkgs",
        "rev": "ced197be72099edcfa68ebed8b87af7b04851f45",
        "type": "github"
      },
      "original": {
        "id": "nixpkgs",
        "type": "indirect"
      }
    },
    "root": {
      "inputs": {
        "flakeNimbleLib": "flakeNimbleLib",
        "nixpkgs": "nixpkgs",
        "src-catnip-main": "src-catnip-main"
      }
    },
    "src-catnip-main": {
      "flake": false,
      "locked": {
        "lastModified": 1666050098,
        "narHash": "sha256-6if8wE4bfH5R/AtCNeCom1RwRrzinxxtstUzrb9jQoo=",
        "owner": "RSDuck",
        "repo": "catnip",
        "rev": "e0401dcfa78e3e18cf65a951fbb30359b5d07f21",
        "type": "github"
      },
      "original": {
        "owner": "RSDuck",
        "ref": "refs/heads/main",
        "repo": "catnip",
        "type": "github"
      }
    }
  },
  "root": "root",
  "version": 7
}
